
Microsoft Visual Studio Solution File, Format Version 12.00
# Visual Studio Version 17
VisualStudioVersion = 17.0.31903.59
MinimumVisualStudioVersion = 10.0.40219.1
Project("{FAE04EC0-301F-11D3-BF4B-00C04F79EFBC}") = "Sgnome.Web", "src\Sgnome.Web\Sgnome.Web.csproj", "{A1B2C3D4-E5F6-7890-ABCD-EF1234567890}"
EndProject
Project("{FAE04EC0-301F-11D3-BF4B-00C04F79EFBC}") = "Sgnome.Models", "src\Sgnome.Models\Sgnome.Models.csproj", "{B7C399E5-A74C-D808-5B62-EECE9E8706DD}"
EndProject
Project("{FAE04EC0-301F-11D3-BF4B-00C04F79EFBC}") = "PlayerService", "src\services\PlayerService\PlayerService.csproj", "{917B91FF-3374-8816-AEAA-767A56E2BCD6}"
EndProject
Project("{FAE04EC0-301F-11D3-BF4B-00C04F79EFBC}") = "LibraryService", "src\services\LibraryService\LibraryService.csproj", "{5C086660-0161-09E5-E530-E8AC15CB8EAC}"
EndProject
Project("{FAE04EC0-301F-11D3-BF4B-00C04F79EFBC}") = "GamesService", "src\services\GamesService\GamesService.csproj", "{6D197771-1272-10F6-F641-F9BD26DC9FBD}"
EndProject
Project("{2150E333-8FDC-42A3-9474-1A3956D46DE8}") = "src", "src", "{827E0CD3-B72D-47B6-A68D-7590B98EB39B}"
EndProject
Project("{FAE04EC0-301F-11D3-BF4B-00C04F79EFBC}") = "Sgnome.Clients", "src\Sgnome.Clients\Sgnome.Clients.csproj", "{058AD0E4-4152-449A-81B4-BC401AF102E3}"
EndProject
Global
	GlobalSection(SolutionConfigurationPlatforms) = preSolution
		Debug|Any CPU = Debug|Any CPU
		Debug|x64 = Debug|x64
		Debug|x86 = Debug|x86
		Release|Any CPU = Release|Any CPU
		Release|x64 = Release|x64
		Release|x86 = Release|x86
	EndGlobalSection
	GlobalSection(ProjectConfigurationPlatforms) = postSolution
		{A1B2C3D4-E5F6-7890-ABCD-EF1234567890}.Debug|Any CPU.ActiveCfg = Debug|Any CPU
		{A1B2C3D4-E5F6-7890-ABCD-EF1234567890}.Debug|Any CPU.Build.0 = Debug|Any CPU
		{A1B2C3D4-E5F6-7890-ABCD-EF1234567890}.Debug|x64.ActiveCfg = Debug|Any CPU
		{A1B2C3D4-E5F6-7890-ABCD-EF1234567890}.Debug|x64.Build.0 = Debug|Any CPU
		{A1B2C3D4-E5F6-7890-ABCD-EF1234567890}.Debug|x86.ActiveCfg = Debug|Any CPU
		{A1B2C3D4-E5F6-7890-ABCD-EF1234567890}.Debug|x86.Build.0 = Debug|Any CPU
		{A1B2C3D4-E5F6-7890-ABCD-EF1234567890}.Release|Any CPU.ActiveCfg = Release|Any CPU
		{A1B2C3D4-E5F6-7890-ABCD-EF1234567890}.Release|Any CPU.Build.0 = Release|Any CPU
		{A1B2C3D4-E5F6-7890-ABCD-EF1234567890}.Release|x64.ActiveCfg = Release|Any CPU
		{A1B2C3D4-E5F6-7890-ABCD-EF1234567890}.Release|x64.Build.0 = Release|Any CPU
		{A1B2C3D4-E5F6-7890-ABCD-EF1234567890}.Release|x86.ActiveCfg = Release|Any CPU
		{A1B2C3D4-E5F6-7890-ABCD-EF1234567890}.Release|x86.Build.0 = Release|Any CPU
		{B7C399E5-A74C-D808-5B62-EECE9E8706DD}.Debug|x64.ActiveCfg = Debug|Any CPU
		{B7C399E5-A74C-D808-5B62-EECE9E8706DD}.Debug|x64.Build.0 = Debug|Any CPU
		{B7C399E5-A74C-D808-5B62-EECE9E8706DD}.Debug|x86.ActiveCfg = Debug|Any CPU
		{B7C399E5-A74C-D808-5B62-EECE9E8706DD}.Debug|x86.Build.0 = Debug|Any CPU
		{B7C399E5-A74C-D808-5B62-EECE9E8706DD}.Release|x64.ActiveCfg = Release|Any CPU
		{B7C399E5-A74C-D808-5B62-EECE9E8706DD}.Release|x64.Build.0 = Release|Any CPU
		{B7C399E5-A74C-D808-5B62-EECE9E8706DD}.Release|x86.ActiveCfg = Release|Any CPU
		{B7C399E5-A74C-D808-5B62-EECE9E8706DD}.Release|x86.Build.0 = Release|Any CPU
		{917B91FF-3374-8816-AEAA-767A56E2BCD6}.Debug|x64.ActiveCfg = Debug|Any CPU
		{917B91FF-3374-8816-AEAA-767A56E2BCD6}.Debug|x64.Build.0 = Debug|Any CPU
		{917B91FF-3374-8816-AEAA-767A56E2BCD6}.Debug|x86.ActiveCfg = Debug|Any CPU
		{917B91FF-3374-8816-AEAA-767A56E2BCD6}.Debug|x86.Build.0 = Debug|Any CPU
		{917B91FF-3374-8816-AEAA-767A56E2BCD6}.Release|x64.ActiveCfg = Release|Any CPU
		{917B91FF-3374-8816-AEAA-767A56E2BCD6}.Release|x64.Build.0 = Release|Any CPU
		{917B91FF-3374-8816-AEAA-767A56E2BCD6}.Release|x86.ActiveCfg = Release|Any CPU
		{917B91FF-3374-8816-AEAA-767A56E2BCD6}.Release|x86.Build.0 = Release|Any CPU
		{5C086660-0161-09E5-E530-E8AC15CB8EAC}.Debug|x64.ActiveCfg = Debug|Any CPU
		{5C086660-0161-09E5-E530-E8AC15CB8EAC}.Debug|x64.Build.0 = Debug|Any CPU
		{5C086660-0161-09E5-E530-E8AC15CB8EAC}.Debug|x86.ActiveCfg = Debug|Any CPU
		{5C086660-0161-09E5-E530-E8AC15CB8EAC}.Debug|x86.Build.0 = Debug|Any CPU
		{5C086660-0161-09E5-E530-E8AC15CB8EAC}.Release|x64.ActiveCfg = Release|Any CPU
		{5C086660-0161-09E5-E530-E8AC15CB8EAC}.Release|x64.Build.0 = Release|Any CPU
		{5C086660-0161-09E5-E530-E8AC15CB8EAC}.Release|x86.ActiveCfg = Release|Any CPU
		{5C086660-0161-09E5-E530-E8AC15CB8EAC}.Release|x86.Build.0 = Release|Any CPU
		{058AD0E4-4152-449A-81B4-BC401AF102E3}.Debug|Any CPU.ActiveCfg = Debug|Any CPU
		{058AD0E4-4152-449A-81B4-BC401AF102E3}.Debug|Any CPU.Build.0 = Debug|Any CPU
		{058AD0E4-4152-449A-81B4-BC401AF102E3}.Debug|x64.ActiveCfg = Debug|Any CPU
		{058AD0E4-4152-449A-81B4-BC401AF102E3}.Debug|x64.Build.0 = Debug|Any CPU
		{058AD0E4-4152-449A-81B4-BC401AF102E3}.Debug|x86.ActiveCfg = Debug|Any CPU
		{058AD0E4-4152-449A-81B4-BC401AF102E3}.Debug|x86.Build.0 = Debug|Any CPU
		{058AD0E4-4152-449A-81B4-BC401AF102E3}.Release|Any CPU.ActiveCfg = Release|Any CPU
		{058AD0E4-4152-449A-81B4-BC401AF102E3}.Release|Any CPU.Build.0 = Release|Any CPU
		{058AD0E4-4152-449A-81B4-BC401AF102E3}.Release|x64.ActiveCfg = Release|Any CPU
		{058AD0E4-4152-449A-81B4-BC401AF102E3}.Release|x64.Build.0 = Release|Any CPU
		{058AD0E4-4152-449A-81B4-BC401AF102E3}.Release|x86.ActiveCfg = Release|Any CPU
		{058AD0E4-4152-449A-81B4-BC401AF102E3}.Release|x86.Build.0 = Release|Any CPU
	EndGlobalSection
	GlobalSection(SolutionProperties) = preSolution
		HideSolutionNode = FALSE
	EndGlobalSection
	GlobalSection(NestedProjects) = preSolution
		{058AD0E4-4152-449A-81B4-BC401AF102E3} = {827E0CD3-B72D-47B6-A68D-7590B98EB39B}
		{6D197771-1272-10F6-F641-F9BD26DC9FBD} = {827E0CD3-B72D-47B6-A68D-7590B98EB39B}
	EndGlobalSection
EndGlobal
